
Microsoft Visual Studio Solution File, Format Version 12.00
# Visual Studio Version 16
VisualStudioVersion = 16.0.30320.27
MinimumVisualStudioVersion = 15.0.26124.0
Project("{FAE04EC0-301F-11D3-BF4B-00C04F79EFBC}") = "Configuration.ConsumeType", "Configuration.ConsumeType\Configuration.ConsumeType.csproj", "{1C74E7EB-4388-4C05-AA1D-1D8D21377028}"
EndProject
Global
	GlobalSection(SolutionConfigurationPlatforms) = preSolution
		Debug|Any CPU = Debug|Any CPU
		Debug|x64 = Debug|x64
		Debug|x86 = Debug|x86
		Release|Any CPU = Release|Any CPU
		Release|x64 = Release|x64
		Release|x86 = Release|x86
	EndGlobalSection
	GlobalSection(ProjectConfigurationPlatforms) = postSolution
		{1C74E7EB-4388-4C05-AA1D-1D8D21377028}.Debug|Any CPU.ActiveCfg = Debug|Any CPU
		{1C74E7EB-4388-4C05-AA1D-1D8D21377028}.Debug|Any CPU.Build.0 = Debug|Any CPU
		{1C74E7EB-4388-4C05-AA1D-1D8D21377028}.Debug|x64.ActiveCfg = Debug|Any CPU
		{1C74E7EB-4388-4C05-AA1D-1D8D21377028}.Debug|x64.Build.0 = Debug|Any CPU
		{1C74E7EB-4388-4C05-AA1D-1D8D21377028}.Debug|x86.ActiveCfg = Debug|Any CPU
		{1C74E7EB-4388-4C05-AA1D-1D8D21377028}.Debug|x86.Build.0 = Debug|Any CPU
		{1C74E7EB-4388-4C05-AA1D-1D8D21377028}.Release|Any CPU.ActiveCfg = Release|Any CPU
		{1C74E7EB-4388-4C05-AA1D-1D8D21377028}.Release|Any CPU.Build.0 = Release|Any CPU
		{1C74E7EB-4388-4C05-AA1D-1D8D21377028}.Release|x64.ActiveCfg = Release|Any CPU
		{1C74E7EB-4388-4C05-AA1D-1D8D21377028}.Release|x64.Build.0 = Release|Any CPU
		{1C74E7EB-4388-4C05-AA1D-1D8D21377028}.Release|x86.ActiveCfg = Release|Any CPU
		{1C74E7EB-4388-4C05-AA1D-1D8D21377028}.Release|x86.Build.0 = Release|Any CPU
	EndGlobalSection
	GlobalSection(SolutionProperties) = preSolution
		HideSolutionNode = FALSE
	EndGlobalSection
	GlobalSection(ExtensibilityGlobals) = postSolution
		SolutionGuid = {75B6BCA0-C28F-4D25-97D7-5DC3B3AECF44}
	EndGlobalSection
EndGlobal
