
Microsoft Visual Studio Solution File, Format Version 12.00
# Visual Studio Version 16
VisualStudioVersion = 16.0.30406.217
MinimumVisualStudioVersion = 10.0.40219.1
Project("{FAE04EC0-301F-11D3-BF4B-00C04F79EFBC}") = "EFCore.SmartTags", "EFCore.SmartTags\EFCore.SmartTags.csproj", "{5811976A-76DD-4320-BDD2-3A7AA31F09D5}"
EndProject
Global
	GlobalSection(SolutionConfigurationPlatforms) = preSolution
		Debug|Any CPU = Debug|Any CPU
		Release|Any CPU = Release|Any CPU
	EndGlobalSection
	GlobalSection(ProjectConfigurationPlatforms) = postSolution
		{5811976A-76DD-4320-BDD2-3A7AA31F09D5}.Debug|Any CPU.ActiveCfg = Debug|Any CPU
		{5811976A-76DD-4320-BDD2-3A7AA31F09D5}.Debug|Any CPU.Build.0 = Debug|Any CPU
		{5811976A-76DD-4320-BDD2-3A7AA31F09D5}.Release|Any CPU.ActiveCfg = Release|Any CPU
		{5811976A-76DD-4320-BDD2-3A7AA31F09D5}.Release|Any CPU.Build.0 = Release|Any CPU
	EndGlobalSection
	GlobalSection(SolutionProperties) = preSolution
		HideSolutionNode = FALSE
	EndGlobalSection
	GlobalSection(ExtensibilityGlobals) = postSolution
		SolutionGuid = {42D85DD6-ACF9-4FFE-BF41-05532C8F0C89}
	EndGlobalSection
EndGlobal
